PODS:
  - AEXML (4.0.2)
  - EpubExtractor (0.1.1):
    - AEXML (~> 4.0.2)
    - SSZipArchive (~> 1.7)
  - Nimble (5.1.1)
  - Quick (1.1.0)
  - SSZipArchive (1.8.1)

DEPENDENCIES:
  - EpubExtractor (from `../`)
  - Nimble (~> 5.1.1)
  - Quick (~> 1.1.0)

SPEC REPOS:
  https://github.com/cocoapods/specs.git:
    - AEXML
    - Nimble
    - Quick
    - SSZipArchive

EXTERNAL SOURCES:
  EpubExtractor:
    :path: "../"

SPEC CHECKSUMS:
  AEXML: 7de81f28c6c876a210f31924acc2e326cd01e162
  EpubExtractor: 85b78d3dd01381b2d87a49cb163cf43fdcb56340
  Nimble: 415e3aa3267e7bc2c96b05fa814ddea7bb686a29
  Quick: dafc587e21eed9f4cab3249b9f9015b0b7a7f71d
  SSZipArchive: 04547dfa448be5ed7ecbaf7eaf8a6e9eb9b42997

PODFILE CHECKSUM: 7a1e2f40d0bf0c9b441790f42142f0834c7e13c3

COCOAPODS: 1.5.3
