// !$*UTF8*$!
{
	archiveVersion = 1;
	classes = {
	};
	objectVersion = 46;
	objects = {

/* Begin PBXBuildFile section */
		05041FC2229AA871002FE35A /* TextExtractorViewController.swift in Sources */ = {isa = PBXBuildFile; fileRef = 05041FC1229AA871002FE35A /* TextExtractorViewController.swift */; };
		29EB3F84A81A3AE1A6506B8B /* Pods_EpubExtractor_Tests.framework in Frameworks */ = {isa = PBXBuildFile; fileRef = EB12345C42619BCE094D227C /* Pods_EpubExtractor_Tests.framework */; };
		32296449417B00D7A5679B28 /* Pods_EpubExtractor_Example.framework in Frameworks */ = {isa = PBXBuildFile; fileRef = 501DEE453EEAF51A6869A004 /* Pods_EpubExtractor_Example.framework */; };
		607FACD61AFB9204008FA782 /* AppDelegate.swift in Sources */ = {isa = PBXBuildFile; fileRef = 607FACD51AFB9204008FA782 /* AppDelegate.swift */; };
		607FACD81AFB9204008FA782 /* ViewController.swift in Sources */ = {isa = PBXBuildFile; fileRef = 607FACD71AFB9204008FA782 /* ViewController.swift */; };
		607FACDB1AFB9204008FA782 /* Main.storyboard in Resources */ = {isa = PBXBuildFile; fileRef = 607FACD91AFB9204008FA782 /* Main.storyboard */; };
		607FACDD1AFB9204008FA782 /* Images.xcassets in Resources */ = {isa = PBXBuildFile; fileRef = 607FACDC1AFB9204008FA782 /* Images.xcassets */; };
		607FACE01AFB9204008FA782 /* LaunchScreen.xib in Resources */ = {isa = PBXBuildFile; fileRef = 607FACDE1AFB9204008FA782 /* LaunchScreen.xib */; };
		607FACEC1AFB9204008FA782 /* Tests.swift in Sources */ = {isa = PBXBuildFile; fileRef = 607FACEB1AFB9204008FA782 /* Tests.swift */; };
		78D968E865A565032FBE76B0 /* Pods_EpubExtractor_Tests.framework in Frameworks */ = {isa = PBXBuildFile; fileRef = A851A6AA70DA62FFECD19644 /* Pods_EpubExtractor_Tests.framework */; };
		9D06DC111EEB3B9900061E7F /* cole-voyage-of-life.epub in Resources */ = {isa = PBXBuildFile; fileRef = 9D06DC0A1EEB3B9900061E7F /* cole-voyage-of-life.epub */; };
		9D06DC121EEB3B9900061E7F /* spanish-tales-epub3.epub in Resources */ = {isa = PBXBuildFile; fileRef = 9D06DC0B1EEB3B9900061E7F /* spanish-tales-epub3.epub */; };
		9D06DC141EEB3B9900061E7F /* Beyond-Good-and-Evil-Galbraithcolor.epub in Resources */ = {isa = PBXBuildFile; fileRef = 9D06DC0D1EEB3B9900061E7F /* Beyond-Good-and-Evil-Galbraithcolor.epub */; };
		9D06DC151EEB3B9900061E7F /* igp-epub-unleashed-01-2012.epub in Resources */ = {isa = PBXBuildFile; fileRef = 9D06DC0E1EEB3B9900061E7F /* igp-epub-unleashed-01-2012.epub */; };
		9D06DC161EEB3B9900061E7F /* kje-bible-books.epub in Resources */ = {isa = PBXBuildFile; fileRef = 9D06DC0F1EEB3B9900061E7F /* kje-bible-books.epub */; };
		9D1C5D4E1EE8AB6600856DF1 /* ImageCell.swift in Sources */ = {isa = PBXBuildFile; fileRef = 9D1C5D4C1EE8AB6600856DF1 /* ImageCell.swift */; };
		9D1C5D511EE8AC6500856DF1 /* CellUtitlities.swift in Sources */ = {isa = PBXBuildFile; fileRef = 9D1C5D501EE8AC6500856DF1 /* CellUtitlities.swift */; };
		9D343C001EA5774C00AB5A5D /* accessible_epub_3.epub in Resources */ = {isa = PBXBuildFile; fileRef = 9D343BFF1EA5774C00AB5A5D /* accessible_epub_3.epub */; };
		9D343C021EA57AA000AB5A5D /* moby-dick.epub in Resources */ = {isa = PBXBuildFile; fileRef = 9D343C011EA57A8000AB5A5D /* moby-dick.epub */; };
		9D3493FD1E5890180076D417 /* Metamorphosis-jackson.epub in Resources */ = {isa = PBXBuildFile; fileRef = 9D3493FC1E5890180076D417 /* Metamorphosis-jackson.epub */; };
		9D5F9B1F1EA509F3006E6817 /* A-Room-with-a-View-morrison.epub in Resources */ = {isa = PBXBuildFile; fileRef = 9D5F9B1E1EA509F3006E6817 /* A-Room-with-a-View-morrison.epub */; };
		9D8114EC1EEB532300B6E9E1 /* README.md in Sources */ = {isa = PBXBuildFile; fileRef = 9D8114EB1EEB532300B6E9E1 /* README.md */; };
		9DA196FE1EE8A46F0019616B /* EpubDetailViewController.swift in Sources */ = {isa = PBXBuildFile; fileRef = 9DA196FD1EE8A46F0019616B /* EpubDetailViewController.swift */; };
		D58CA590B3A81B162CC82920 /* Pods_EpubExtractor_Example.framework in Frameworks */ = {isa = PBXBuildFile; fileRef = CADEB80FFFCB1406FCAFA2A9 /* Pods_EpubExtractor_Example.framework */; };
/* End PBXBuildFile section */

/* Begin PBXContainerItemProxy section */
		607FACE61AFB9204008FA782 /* PBXContainerItemProxy */ = {
			isa = PBXContainerItemProxy;
			containerPortal = 607FACC81AFB9204008FA782 /* Project object */;
			proxyType = 1;
			remoteGlobalIDString = 607FACCF1AFB9204008FA782;
			remoteInfo = EpubExstractor;
		};
/* End PBXContainerItemProxy section */

/* Begin PBXFileReference section */
		05041FC1229AA871002FE35A /* TextExtractorViewController.swift */ = {isa = PBXFileReference; lastKnownFileType = sourcecode.swift; path = TextExtractorViewController.swift; sourceTree = "<group>"; };
		0D8CF5B487593A21678D8528 /* Pods-EpubExstractor_Tests.release.xcconfig */ = {isa = PBXFileReference; includeInIndex = 1; lastKnownFileType = text.xcconfig; name = "Pods-EpubExstractor_Tests.release.xcconfig"; path = "Pods/Target Support Files/Pods-EpubExstractor_Tests/Pods-EpubExstractor_Tests.release.xcconfig"; sourceTree = "<group>"; };
		176000F36348F0BA6A05D822 /* Pods-EpubExstractor_Tests.debug.xcconfig */ = {isa = PBXFileReference; includeInIndex = 1; lastKnownFileType = text.xcconfig; name = "Pods-EpubExstractor_Tests.debug.xcconfig"; path = "Pods/Target Support Files/Pods-EpubExstractor_Tests/Pods-EpubExstractor_Tests.debug.xcconfig"; sourceTree = "<group>"; };
		2CC8345F1117EE2603532496 /* Pods-EpubExtractor_Tests.debug.xcconfig */ = {isa = PBXFileReference; includeInIndex = 1; lastKnownFileType = text.xcconfig; name = "Pods-EpubExtractor_Tests.debug.xcconfig"; path = "Pods/Target Support Files/Pods-EpubExtractor_Tests/Pods-EpubExtractor_Tests.debug.xcconfig"; sourceTree = "<group>"; };
		2D436B1810858EFCC7F51B50 /* EpubExstractor.podspec */ = {isa = PBXFileReference; includeInIndex = 1; lastKnownFileType = text; name = EpubExstractor.podspec; path = ../EpubExstractor.podspec; sourceTree = "<group>"; };
		4E2206374129C1C933146311 /* README.md */ = {isa = PBXFileReference; includeInIndex = 1; lastKnownFileType = net.daringfireball.markdown; name = README.md; path = ../README.md; sourceTree = "<group>"; };
		501DEE453EEAF51A6869A004 /* Pods_EpubExtractor_Example.framework */ = {isa = PBXFileReference; explicitFileType = wrapper.framework; includeInIndex = 0; path = Pods_EpubExtractor_Example.framework; sourceTree = BUILT_PRODUCTS_DIR; };
		56EAB58C626587442C1AAE8D /* Pods-EpubExtractor_Tests.release.xcconfig */ = {isa = PBXFileReference; includeInIndex = 1; lastKnownFileType = text.xcconfig; name = "Pods-EpubExtractor_Tests.release.xcconfig"; path = "Pods/Target Support Files/Pods-EpubExtractor_Tests/Pods-EpubExtractor_Tests.release.xcconfig"; sourceTree = "<group>"; };
		5CDD0069ADD7699A7EAB2541 /* Pods-EpubExstractor_Example.release.xcconfig */ = {isa = PBXFileReference; includeInIndex = 1; lastKnownFileType = text.xcconfig; name = "Pods-EpubExstractor_Example.release.xcconfig"; path = "Pods/Target Support Files/Pods-EpubExstractor_Example/Pods-EpubExstractor_Example.release.xcconfig"; sourceTree = "<group>"; };
		607FACD01AFB9204008FA782 /* EpubExtractor_Example.app */ = {isa = PBXFileReference; explicitFileType = wrapper.application; includeInIndex = 0; path = EpubExtractor_Example.app; sourceTree = BUILT_PRODUCTS_DIR; };
		607FACD41AFB9204008FA782 /* Info.plist */ = {isa = PBXFileReference; lastKnownFileType = text.plist.xml; path = Info.plist; sourceTree = "<group>"; };
		607FACD51AFB9204008FA782 /* AppDelegate.swift */ = {isa = PBXFileReference; lastKnownFileType = sourcecode.swift; path = AppDelegate.swift; sourceTree = "<group>"; };
		607FACD71AFB9204008FA782 /* ViewController.swift */ = {isa = PBXFileReference; lastKnownFileType = sourcecode.swift; path = ViewController.swift; sourceTree = "<group>"; };
		607FACDA1AFB9204008FA782 /* Base */ = {isa = PBXFileReference; lastKnownFileType = file.storyboard; name = Base; path = Base.lproj/Main.storyboard; sourceTree = "<group>"; };
		607FACDC1AFB9204008FA782 /* Images.xcassets */ = {isa = PBXFileReference; lastKnownFileType = folder.assetcatalog; path = Images.xcassets; sourceTree = "<group>"; };
		607FACDF1AFB9204008FA782 /* Base */ = {isa = PBXFileReference; lastKnownFileType = file.xib; name = Base; path = Base.lproj/LaunchScreen.xib; sourceTree = "<group>"; };
		607FACE51AFB9204008FA782 /* EpubExtractor_Tests.xctest */ = {isa = PBXFileReference; explicitFileType = wrapper.cfbundle; includeInIndex = 0; path = EpubExtractor_Tests.xctest; sourceTree = BUILT_PRODUCTS_DIR; };
		607FACEA1AFB9204008FA782 /* Info.plist */ = {isa = PBXFileReference; lastKnownFileType = text.plist.xml; path = Info.plist; sourceTree = "<group>"; };
		607FACEB1AFB9204008FA782 /* Tests.swift */ = {isa = PBXFileReference; lastKnownFileType = sourcecode.swift; path = Tests.swift; sourceTree = "<group>"; };
		6EF3A2FF63923E1EDCD78FC8 /* Pods-EpubExtractor_Example.release.xcconfig */ = {isa = PBXFileReference; includeInIndex = 1; lastKnownFileType = text.xcconfig; name = "Pods-EpubExtractor_Example.release.xcconfig"; path = "Pods/Target Support Files/Pods-EpubExtractor_Example/Pods-EpubExtractor_Example.release.xcconfig"; sourceTree = "<group>"; };
		9D06DC0A1EEB3B9900061E7F /* cole-voyage-of-life.epub */ = {isa = PBXFileReference; lastKnownFileType = file; path = "cole-voyage-of-life.epub"; sourceTree = "<group>"; };
		9D06DC0B1EEB3B9900061E7F /* spanish-tales-epub3.epub */ = {isa = PBXFileReference; lastKnownFileType = file; path = "spanish-tales-epub3.epub"; sourceTree = "<group>"; };
		9D06DC0D1EEB3B9900061E7F /* Beyond-Good-and-Evil-Galbraithcolor.epub */ = {isa = PBXFileReference; lastKnownFileType = file; path = "Beyond-Good-and-Evil-Galbraithcolor.epub"; sourceTree = "<group>"; };
		9D06DC0E1EEB3B9900061E7F /* igp-epub-unleashed-01-2012.epub */ = {isa = PBXFileReference; lastKnownFileType = file; path = "igp-epub-unleashed-01-2012.epub"; sourceTree = "<group>"; };
		9D06DC0F1EEB3B9900061E7F /* kje-bible-books.epub */ = {isa = PBXFileReference; lastKnownFileType = file; path = "kje-bible-books.epub"; sourceTree = "<group>"; };
		9D1C5D4C1EE8AB6600856DF1 /* ImageCell.swift */ = {isa = PBXFileReference; lastKnownFileType = sourcecode.swift; path = ImageCell.swift; sourceTree = "<group>"; };
		9D1C5D501EE8AC6500856DF1 /* CellUtitlities.swift */ = {isa = PBXFileReference; lastKnownFileType = sourcecode.swift; path = CellUtitlities.swift; sourceTree = "<group>"; };
		9D343BFF1EA5774C00AB5A5D /* accessible_epub_3.epub */ = {isa = PBXFileReference; lastKnownFileType = file; path = accessible_epub_3.epub; sourceTree = "<group>"; };
		9D343C011EA57A8000AB5A5D /* moby-dick.epub */ = {isa = PBXFileReference; lastKnownFileType = file; path = "moby-dick.epub"; sourceTree = "<group>"; };
		9D3493FC1E5890180076D417 /* Metamorphosis-jackson.epub */ = {isa = PBXFileReference; lastKnownFileType = file; path = "Metamorphosis-jackson.epub"; sourceTree = "<group>"; };
		9D5F9B1E1EA509F3006E6817 /* A-Room-with-a-View-morrison.epub */ = {isa = PBXFileReference; lastKnownFileType = file; path = "A-Room-with-a-View-morrison.epub"; sourceTree = "<group>"; };
		9D8114EB1EEB532300B6E9E1 /* README.md */ = {isa = PBXFileReference; fileEncoding = 4; lastKnownFileType = net.daringfireball.markdown; path = README.md; sourceTree = "<group>"; };
		9DA196FD1EE8A46F0019616B /* EpubDetailViewController.swift */ = {isa = PBXFileReference; lastKnownFileType = sourcecode.swift; path = EpubDetailViewController.swift; sourceTree = "<group>"; };
		A057CD28B6D122DF9A57FAB7 /* Pods-EpubExstractor_Example.debug.xcconfig */ = {isa = PBXFileReference; includeInIndex = 1; lastKnownFileType = text.xcconfig; name = "Pods-EpubExstractor_Example.debug.xcconfig"; path = "Pods/Target Support Files/Pods-EpubExstractor_Example/Pods-EpubExstractor_Example.debug.xcconfig"; sourceTree = "<group>"; };
		A504CF4A44F792AF79B4295B /* Pods-EpubExtractor_Example.debug.xcconfig */ = {isa = PBXFileReference; includeInIndex = 1; lastKnownFileType = text.xcconfig; name = "Pods-EpubExtractor_Example.debug.xcconfig"; path = "Pods/Target Support Files/Pods-EpubExtractor_Example/Pods-EpubExtractor_Example.debug.xcconfig"; sourceTree = "<group>"; };
		A851A6AA70DA62FFECD19644 /* Pods_EpubExtractor_Tests.framework */ = {isa = PBXFileReference; explicitFileType = wrapper.framework; includeInIndex = 0; path = Pods_EpubExtractor_Tests.framework; sourceTree = BUILT_PRODUCTS_DIR; };
		C670CC0AAD865E38498C1BD4 /* LICENSE */ = {isa = PBXFileReference; includeInIndex = 1; lastKnownFileType = text; name = LICENSE; path = ../LICENSE; sourceTree = "<group>"; };
		CADEB80FFFCB1406FCAFA2A9 /* Pods_EpubExtractor_Example.framework */ = {isa = PBXFileReference; explicitFileType = wrapper.framework; includeInIndex = 0; path = Pods_EpubExtractor_Example.framework; sourceTree = BUILT_PRODUCTS_DIR; };
		EB12345C42619BCE094D227C /* Pods_EpubExtractor_Tests.framework */ = {isa = PBXFileReference; explicitFileType = wrapper.framework; includeInIndex = 0; path = Pods_EpubExtractor_Tests.framework; sourceTree = BUILT_PRODUCTS_DIR; };
/* End PBXFileReference section */

/* Begin PBXFrameworksBuildPhase section */
		607FACCD1AFB9204008FA782 /* Frameworks */ = {
			isa = PBXFrameworksBuildPhase;
			buildActionMask = 2147483647;
			files = (
				32296449417B00D7A5679B28 /* Pods_EpubExtractor_Example.framework in Frameworks */,
				D58CA590B3A81B162CC82920 /* Pods_EpubExtractor_Example.framework in Frameworks */,
			);
			runOnlyForDeploymentPostprocessing = 0;
		};
		607FACE21AFB9204008FA782 /* Frameworks */ = {
			isa = PBXFrameworksBuildPhase;
			buildActionMask = 2147483647;
			files = (
				78D968E865A565032FBE76B0 /* Pods_EpubExtractor_Tests.framework in Frameworks */,
				29EB3F84A81A3AE1A6506B8B /* Pods_EpubExtractor_Tests.framework in Frameworks */,
			);
			runOnlyForDeploymentPostprocessing = 0;
		};
/* End PBXFrameworksBuildPhase section */

/* Begin PBXGroup section */
		1290172BDB4859ABF0C6EFB3 /* Pods */ = {
			isa = PBXGroup;
			children = (
				A057CD28B6D122DF9A57FAB7 /* Pods-EpubExstractor_Example.debug.xcconfig */,
				5CDD0069ADD7699A7EAB2541 /* Pods-EpubExstractor_Example.release.xcconfig */,
				176000F36348F0BA6A05D822 /* Pods-EpubExstractor_Tests.debug.xcconfig */,
				0D8CF5B487593A21678D8528 /* Pods-EpubExstractor_Tests.release.xcconfig */,
				A504CF4A44F792AF79B4295B /* Pods-EpubExtractor_Example.debug.xcconfig */,
				6EF3A2FF63923E1EDCD78FC8 /* Pods-EpubExtractor_Example.release.xcconfig */,
				2CC8345F1117EE2603532496 /* Pods-EpubExtractor_Tests.debug.xcconfig */,
				56EAB58C626587442C1AAE8D /* Pods-EpubExtractor_Tests.release.xcconfig */,
			);
			name = Pods;
			sourceTree = "<group>";
		};
		494EACDBA2AF54645CCF94F5 /* Frameworks */ = {
			isa = PBXGroup;
			children = (
				501DEE453EEAF51A6869A004 /* Pods_EpubExtractor_Example.framework */,
				A851A6AA70DA62FFECD19644 /* Pods_EpubExtractor_Tests.framework */,
				CADEB80FFFCB1406FCAFA2A9 /* Pods_EpubExtractor_Example.framework */,
				EB12345C42619BCE094D227C /* Pods_EpubExtractor_Tests.framework */,
			);
			name = Frameworks;
			sourceTree = "<group>";
		};
		607FACC71AFB9204008FA782 = {
			isa = PBXGroup;
			children = (
				9D8114EB1EEB532300B6E9E1 /* README.md */,
				607FACF51AFB993E008FA782 /* Podspec Metadata */,
				607FACD21AFB9204008FA782 /* Example for EpubExstractor */,
				607FACE81AFB9204008FA782 /* Tests */,
				607FACD11AFB9204008FA782 /* Products */,
				1290172BDB4859ABF0C6EFB3 /* Pods */,
				494EACDBA2AF54645CCF94F5 /* Frameworks */,
			);
			sourceTree = "<group>";
		};
		607FACD11AFB9204008FA782 /* Products */ = {
			isa = PBXGroup;
			children = (
				607FACD01AFB9204008FA782 /* EpubExtractor_Example.app */,
				607FACE51AFB9204008FA782 /* EpubExtractor_Tests.xctest */,
			);
			name = Products;
			sourceTree = "<group>";
		};
		607FACD21AFB9204008FA782 /* Example for EpubExstractor */ = {
			isa = PBXGroup;
			children = (
				9D1C5D471EE8AB1B00856DF1 /* Cells */,
				607FACD51AFB9204008FA782 /* AppDelegate.swift */,
				607FACD71AFB9204008FA782 /* ViewController.swift */,
				9DA196FD1EE8A46F0019616B /* EpubDetailViewController.swift */,
				05041FC1229AA871002FE35A /* TextExtractorViewController.swift */,
				9D1C5D501EE8AC6500856DF1 /* CellUtitlities.swift */,
				607FACD91AFB9204008FA782 /* Main.storyboard */,
				607FACDC1AFB9204008FA782 /* Images.xcassets */,
				607FACDE1AFB9204008FA782 /* LaunchScreen.xib */,
				9D3493FB1E5890000076D417 /* Resources */,
				607FACD31AFB9204008FA782 /* Supporting Files */,
			);
			name = "Example for EpubExstractor";
			path = EpubExtractor;
			sourceTree = "<group>";
		};
		607FACD31AFB9204008FA782 /* Supporting Files */ = {
			isa = PBXGroup;
			children = (
				607FACD41AFB9204008FA782 /* Info.plist */,
			);
			name = "Supporting Files";
			sourceTree = "<group>";
		};
		607FACE81AFB9204008FA782 /* Tests */ = {
			isa = PBXGroup;
			children = (
				607FACEB1AFB9204008FA782 /* Tests.swift */,
				607FACE91AFB9204008FA782 /* Supporting Files */,
			);
			path = Tests;
			sourceTree = "<group>";
		};
		607FACE91AFB9204008FA782 /* Supporting Files */ = {
			isa = PBXGroup;
			children = (
				607FACEA1AFB9204008FA782 /* Info.plist */,
			);
			name = "Supporting Files";
			sourceTree = "<group>";
		};
		607FACF51AFB993E008FA782 /* Podspec Metadata */ = {
			isa = PBXGroup;
			children = (
				2D436B1810858EFCC7F51B50 /* EpubExstractor.podspec */,
				4E2206374129C1C933146311 /* README.md */,
				C670CC0AAD865E38498C1BD4 /* LICENSE */,
			);
			name = "Podspec Metadata";
			sourceTree = "<group>";
		};
		9D1C5D471EE8AB1B00856DF1 /* Cells */ = {
			isa = PBXGroup;
			children = (
				9D1C5D4C1EE8AB6600856DF1 /* ImageCell.swift */,
			);
			path = Cells;
			sourceTree = "<group>";
		};
		9D3493FB1E5890000076D417 /* Resources */ = {
			isa = PBXGroup;
			children = (
				9D3493FC1E5890180076D417 /* Metamorphosis-jackson.epub */,
				9D5F9B1E1EA509F3006E6817 /* A-Room-with-a-View-morrison.epub */,
				9D343BFF1EA5774C00AB5A5D /* accessible_epub_3.epub */,
				9D343C011EA57A8000AB5A5D /* moby-dick.epub */,
				9D06DC0A1EEB3B9900061E7F /* cole-voyage-of-life.epub */,
				9D06DC0B1EEB3B9900061E7F /* spanish-tales-epub3.epub */,
				9D06DC0F1EEB3B9900061E7F /* kje-bible-books.epub */,
				9D06DC0E1EEB3B9900061E7F /* igp-epub-unleashed-01-2012.epub */,
				9D06DC0D1EEB3B9900061E7F /* Beyond-Good-and-Evil-Galbraithcolor.epub */,
			);
			name = Resources;
			sourceTree = "<group>";
		};
/* End PBXGroup section */

/* Begin PBXNativeTarget section */
		607FACCF1AFB9204008FA782 /* EpubExtractor_Example */ = {
			isa = PBXNativeTarget;
			buildConfigurationList = 607FACEF1AFB9204008FA782 /* Build configuration list for PBXNativeTarget "EpubExtractor_Example" */;
			buildPhases = (
				20A9B329E798701A9AE447B9 /* [CP] Check Pods Manifest.lock */,
				607FACCC1AFB9204008FA782 /* Sources */,
				607FACCD1AFB9204008FA782 /* Frameworks */,
				607FACCE1AFB9204008FA782 /* Resources */,
				A1B01D0C275A3C932226FFA8 /* [CP] Embed Pods Frameworks */,
			);
			buildRules = (
			);
			dependencies = (
			);
			name = EpubExtractor_Example;
			productName = EpubExstractor;
			productReference = 607FACD01AFB9204008FA782 /* EpubExtractor_Example.app */;
			productType = "com.apple.product-type.application";
		};
		607FACE41AFB9204008FA782 /* EpubExtractor_Tests */ = {
			isa = PBXNativeTarget;
			buildConfigurationList = 607FACF21AFB9204008FA782 /* Build configuration list for PBXNativeTarget "EpubExtractor_Tests" */;
			buildPhases = (
				99373A2829D4043294A20F2C /* [CP] Check Pods Manifest.lock */,
				607FACE11AFB9204008FA782 /* Sources */,
				607FACE21AFB9204008FA782 /* Frameworks */,
				607FACE31AFB9204008FA782 /* Resources */,
				705456A598FBA32CC0B7F5A5 /* [CP] Embed Pods Frameworks */,
			);
			buildRules = (
			);
			dependencies = (
				607FACE71AFB9204008FA782 /* PBXTargetDependency */,
			);
			name = EpubExtractor_Tests;
			productName = Tests;
			productReference = 607FACE51AFB9204008FA782 /* EpubExtractor_Tests.xctest */;
			productType = "com.apple.product-type.bundle.unit-test";
		};
/* End PBXNativeTarget section */

/* Begin PBXProject section */
		607FACC81AFB9204008FA782 /* Project object */ = {
			isa = PBXProject;
			attributes = {
				LastSwiftUpdateCheck = 0720;
				LastUpgradeCheck = 0820;
				ORGANIZATIONNAME = CocoaPods;
				TargetAttributes = {
					607FACCF1AFB9204008FA782 = {
						CreatedOnToolsVersion = 6.3.1;
						LastSwiftMigration = 1010;
					};
					607FACE41AFB9204008FA782 = {
						CreatedOnToolsVersion = 6.3.1;
						LastSwiftMigration = 0820;
						TestTargetID = 607FACCF1AFB9204008FA782;
					};
				};
			};
			buildConfigurationList = 607FACCB1AFB9204008FA782 /* Build configuration list for PBXProject "EpubExtractor" */;
			compatibilityVersion = "Xcode 3.2";
			developmentRegion = English;
			hasScannedForEncodings = 0;
			knownRegions = (
				English,
				en,
				Base,
			);
			mainGroup = 607FACC71AFB9204008FA782;
			productRefGroup = 607FACD11AFB9204008FA782 /* Products */;
			projectDirPath = "";
			projectRoot = "";
			targets = (
				607FACCF1AFB9204008FA782 /* EpubExtractor_Example */,
				607FACE41AFB9204008FA782 /* EpubExtractor_Tests */,
			);
		};
/* End PBXProject section */

/* Begin PBXResourcesBuildPhase section */
		607FACCE1AFB9204008FA782 /* Resources */ = {
			isa = PBXResourcesBuildPhase;
			buildActionMask = 2147483647;
			files = (
				607FACDB1AFB9204008FA782 /* Main.storyboard in Resources */,
				9D3493FD1E5890180076D417 /* Metamorphosis-jackson.epub in Resources */,
				9D06DC161EEB3B9900061E7F /* kje-bible-books.epub in Resources */,
				607FACE01AFB9204008FA782 /* LaunchScreen.xib in Resources */,
				9D5F9B1F1EA509F3006E6817 /* A-Room-with-a-View-morrison.epub in Resources */,
				9D06DC111EEB3B9900061E7F /* cole-voyage-of-life.epub in Resources */,
				607FACDD1AFB9204008FA782 /* Images.xcassets in Resources */,
				9D343C021EA57AA000AB5A5D /* moby-dick.epub in Resources */,
				9D06DC151EEB3B9900061E7F /* igp-epub-unleashed-01-2012.epub in Resources */,
				9D06DC121EEB3B9900061E7F /* spanish-tales-epub3.epub in Resources */,
				9D06DC141EEB3B9900061E7F /* Beyond-Good-and-Evil-Galbraithcolor.epub in Resources */,
				9D343C001EA5774C00AB5A5D /* accessible_epub_3.epub in Resources */,
			);
			runOnlyForDeploymentPostprocessing = 0;
		};
		607FACE31AFB9204008FA782 /* Resources */ = {
			isa = PBXResourcesBuildPhase;
			buildActionMask = 2147483647;
			files = (
			);
			runOnlyForDeploymentPostprocessing = 0;
		};
/* End PBXResourcesBuildPhase section */

/* Begin PBXShellScriptBuildPhase section */
		20A9B329E798701A9AE447B9 /* [CP] Check Pods Manifest.lock */ = {
			isa = PBXShellScriptBuildPhase;
			buildActionMask = 2147483647;
			files = (
			);
			inputPaths = (
				"${PODS_PODFILE_DIR_PATH}/Podfile.lock",
				"${PODS_ROOT}/Manifest.lock",
			);
			name = "[CP] Check Pods Manifest.lock";
			outputPaths = (
				"$(DERIVED_FILE_DIR)/Pods-EpubExtractor_Example-checkManifestLockResult.txt",
			);
			runOnlyForDeploymentPostprocessing = 0;
			shellPath = /bin/sh;
			shellScript = "diff \"${PODS_PODFILE_DIR_PATH}/Podfile.lock\" \"${PODS_ROOT}/Manifest.lock\" > /dev/null\nif [ $? != 0 ] ; then\n    # print error to STDERR\n    echo \"error: The sandbox is not in sync with the Podfile.lock. Run 'pod install' or update your CocoaPods installation.\" >&2\n    exit 1\nfi\n# This output is used by Xcode 'outputs' to avoid re-running this script phase.\necho \"SUCCESS\" > \"${SCRIPT_OUTPUT_FILE_0}\"\n";
			showEnvVarsInLog = 0;
		};
		705456A598FBA32CC0B7F5A5 /* [CP] Embed Pods Frameworks */ = {
			isa = PBXShellScriptBuildPhase;
			buildActionMask = 2147483647;
			files = (
			);
			inputPaths = (
				"${PODS_ROOT}/Target Support Files/Pods-EpubExtractor_Tests/Pods-EpubExtractor_Tests-frameworks.sh",
				"${BUILT_PRODUCTS_DIR}/Nimble/Nimble.framework",
				"${BUILT_PRODUCTS_DIR}/Quick/Quick.framework",
			);
			name = "[CP] Embed Pods Frameworks";
			outputPaths = (
				"${TARGET_BUILD_DIR}/${FRAMEWORKS_FOLDER_PATH}/Nimble.framework",
				"${TARGET_BUILD_DIR}/${FRAMEWORKS_FOLDER_PATH}/Quick.framework",
			);
			runOnlyForDeploymentPostprocessing = 0;
			shellPath = /bin/sh;
			shellScript = "\"${PODS_ROOT}/Target Support Files/Pods-EpubExtractor_Tests/Pods-EpubExtractor_Tests-frameworks.sh\"\n";
			showEnvVarsInLog = 0;
		};
		99373A2829D4043294A20F2C /* [CP] Check Pods Manifest.lock */ = {
			isa = PBXShellScriptBuildPhase;
			buildActionMask = 2147483647;
			files = (
			);
			inputPaths = (
				"${PODS_PODFILE_DIR_PATH}/Podfile.lock",
				"${PODS_ROOT}/Manifest.lock",
			);
			name = "[CP] Check Pods Manifest.lock";
			outputPaths = (
				"$(DERIVED_FILE_DIR)/Pods-EpubExtractor_Tests-checkManifestLockResult.txt",
			);
			runOnlyForDeploymentPostprocessing = 0;
			shellPath = /bin/sh;
			shellScript = "diff \"${PODS_PODFILE_DIR_PATH}/Podfile.lock\" \"${PODS_ROOT}/Manifest.lock\" > /dev/null\nif [ $? != 0 ] ; then\n    # print error to STDERR\n    echo \"error: The sandbox is not in sync with the Podfile.lock. Run 'pod install' or update your CocoaPods installation.\" >&2\n    exit 1\nfi\n# This output is used by Xcode 'outputs' to avoid re-running this script phase.\necho \"SUCCESS\" > \"${SCRIPT_OUTPUT_FILE_0}\"\n";
			showEnvVarsInLog = 0;
		};
		A1B01D0C275A3C932226FFA8 /* [CP] Embed Pods Frameworks */ = {
			isa = PBXShellScriptBuildPhase;
			buildActionMask = 2147483647;
			files = (
			);
			inputPaths = (
				"${PODS_ROOT}/Target Support Files/Pods-EpubExtractor_Example/Pods-EpubExtractor_Example-frameworks.sh",
				"${BUILT_PRODUCTS_DIR}/AEXML/AEXML.framework",
				"${BUILT_PRODUCTS_DIR}/EpubExtractor/EpubExtractor.framework",
				"${BUILT_PRODUCTS_DIR}/SSZipArchive/SSZipArchive.framework",
			);
			name = "[CP] Embed Pods Frameworks";
			outputPaths = (
				"${TARGET_BUILD_DIR}/${FRAMEWORKS_FOLDER_PATH}/AEXML.framework",
				"${TARGET_BUILD_DIR}/${FRAMEWORKS_FOLDER_PATH}/EpubExtractor.framework",
				"${TARGET_BUILD_DIR}/${FRAMEWORKS_FOLDER_PATH}/SSZipArchive.framework",
			);
			runOnlyForDeploymentPostprocessing = 0;
			shellPath = /bin/sh;
			shellScript = "\"${PODS_ROOT}/Target Support Files/Pods-EpubExtractor_Example/Pods-EpubExtractor_Example-frameworks.sh\"\n";
			showEnvVarsInLog = 0;
		};
/* End PBXShellScriptBuildPhase section */

/* Begin PBXSourcesBuildPhase section */
		607FACCC1AFB9204008FA782 /* Sources */ = {
			isa = PBXSourcesBuildPhase;
			buildActionMask = 2147483647;
			files = (
				9D8114EC1EEB532300B6E9E1 /* README.md in Sources */,
				607FACD81AFB9204008FA782 /* ViewController.swift in Sources */,
				9D1C5D4E1EE8AB6600856DF1 /* ImageCell.swift in Sources */,
				9D1C5D511EE8AC6500856DF1 /* CellUtitlities.swift in Sources */,
				05041FC2229AA871002FE35A /* TextExtractorViewController.swift in Sources */,
				9DA196FE1EE8A46F0019616B /* EpubDetailViewController.swift in Sources */,
				607FACD61AFB9204008FA782 /* AppDelegate.swift in Sources */,
			);
			runOnlyForDeploymentPostprocessing = 0;
		};
		607FACE11AFB9204008FA782 /* Sources */ = {
			isa = PBXSourcesBuildPhase;
			buildActionMask = 2147483647;
			files = (
				607FACEC1AFB9204008FA782 /* Tests.swift in Sources */,
			);
			runOnlyForDeploymentPostprocessing = 0;
		};
/* End PBXSourcesBuildPhase section */

/* Begin PBXTargetDependency section */
		607FACE71AFB9204008FA782 /* PBXTargetDependency */ = {
			isa = PBXTargetDependency;
			target = 607FACCF1AFB9204008FA782 /* EpubExtractor_Example */;
			targetProxy = 607FACE61AFB9204008FA782 /* PBXContainerItemProxy */;
		};
/* End PBXTargetDependency section */

/* Begin PBXVariantGroup section */
		607FACD91AFB9204008FA782 /* Main.storyboard */ = {
			isa = PBXVariantGroup;
			children = (
				607FACDA1AFB9204008FA782 /* Base */,
			);
			name = Main.storyboard;
			sourceTree = "<group>";
		};
		607FACDE1AFB9204008FA782 /* LaunchScreen.xib */ = {
			isa = PBXVariantGroup;
			children = (
				607FACDF1AFB9204008FA782 /* Base */,
			);
			name = LaunchScreen.xib;
			sourceTree = "<group>";
		};
/* End PBXVariantGroup section */

/* Begin XCBuildConfiguration section */
		607FACED1AFB9204008FA782 /* Debug */ = {
			isa = XCBuildConfiguration;
			buildSettings = {
				ALWAYS_SEARCH_USER_PATHS = NO;
				CLANG_CXX_LANGUAGE_STANDARD = "gnu++0x";
				CLANG_CXX_LIBRARY = "libc++";
				CLANG_ENABLE_MODULES = YES;
				CLANG_ENABLE_OBJC_ARC = YES;
				CLANG_WARN_BOOL_CONVERSION = YES;
				CLANG_WARN_CONSTANT_CONVERSION = YES;
				CLANG_WARN_DIRECT_OBJC_ISA_USAGE = YES_ERROR;
				CLANG_WARN_EMPTY_BODY = YES;
				CLANG_WARN_ENUM_CONVERSION = YES;
				CLANG_WARN_INFINITE_RECURSION = YES;
				CLANG_WARN_INT_CONVERSION = YES;
				CLANG_WARN_OBJC_ROOT_CLASS = YES_ERROR;
				CLANG_WARN_SUSPICIOUS_MOVE = YES;
				CLANG_WARN_UNREACHABLE_CODE = YES;
				CLANG_WARN__DUPLICATE_METHOD_MATCH = YES;
				"CODE_SIGN_IDENTITY[sdk=iphoneos*]" = "iPhone Developer";
				COPY_PHASE_STRIP = NO;
				DEBUG_INFORMATION_FORMAT = "dwarf-with-dsym";
				ENABLE_STRICT_OBJC_MSGSEND = YES;
				ENABLE_TESTABILITY = YES;
				GCC_C_LANGUAGE_STANDARD = gnu99;
				GCC_DYNAMIC_NO_PIC = NO;
				GCC_NO_COMMON_BLOCKS = YES;
				GCC_OPTIMIZATION_LEVEL = 0;
				GCC_PREPROCESSOR_DEFINITIONS = (
					"DEBUG=1",
					"$(inherited)",
				);
				GCC_SYMBOLS_PRIVATE_EXTERN = NO;
				GCC_WARN_64_TO_32_BIT_CONVERSION = YES;
				GCC_WARN_ABOUT_RETURN_TYPE = YES_ERROR;
				GCC_WARN_UNDECLARED_SELECTOR = YES;
				GCC_WARN_UNINITIALIZED_AUTOS = YES_AGGRESSIVE;
				GCC_WARN_UNUSED_FUNCTION = YES;
				GCC_WARN_UNUSED_VARIABLE = YES;
				IPHONEOS_DEPLOYMENT_TARGET = 8.3;
				MTL_ENABLE_DEBUG_INFO = YES;
				ONLY_ACTIVE_ARCH = YES;
				SDKROOT = iphoneos;
				SWIFT_OPTIMIZATION_LEVEL = "-Onone";
			};
			name = Debug;
		};
		607FACEE1AFB9204008FA782 /* Release */ = {
			isa = XCBuildConfiguration;
			buildSettings = {
				ALWAYS_SEARCH_USER_PATHS = NO;
				CLANG_CXX_LANGUAGE_STANDARD = "gnu++0x";
				CLANG_CXX_LIBRARY = "libc++";
				CLANG_ENABLE_MODULES = YES;
				CLANG_ENABLE_OBJC_ARC = YES;
				CLANG_WARN_BOOL_CONVERSION = YES;
				CLANG_WARN_CONSTANT_CONVERSION = YES;
				CLANG_WARN_DIRECT_OBJC_ISA_USAGE = YES_ERROR;
				CLANG_WARN_EMPTY_BODY = YES;
				CLANG_WARN_ENUM_CONVERSION = YES;
				CLANG_WARN_INFINITE_RECURSION = YES;
				CLANG_WARN_INT_CONVERSION = YES;
				CLANG_WARN_OBJC_ROOT_CLASS = YES_ERROR;
				CLANG_WARN_SUSPICIOUS_MOVE = YES;
				CLANG_WARN_UNREACHABLE_CODE = YES;
				CLANG_WARN__DUPLICATE_METHOD_MATCH = YES;
				"CODE_SIGN_IDENTITY[sdk=iphoneos*]" = "iPhone Developer";
				COPY_PHASE_STRIP = NO;
				DEBUG_INFORMATION_FORMAT = "dwarf-with-dsym";
				ENABLE_NS_ASSERTIONS = NO;
				ENABLE_STRICT_OBJC_MSGSEND = YES;
				GCC_C_LANGUAGE_STANDARD = gnu99;
				GCC_NO_COMMON_BLOCKS = YES;
				GCC_WARN_64_TO_32_BIT_CONVERSION = YES;
				GCC_WARN_ABOUT_RETURN_TYPE = YES_ERROR;
				GCC_WARN_UNDECLARED_SELECTOR = YES;
				GCC_WARN_UNINITIALIZED_AUTOS = YES_AGGRESSIVE;
				GCC_WARN_UNUSED_FUNCTION = YES;
				GCC_WARN_UNUSED_VARIABLE = YES;
				IPHONEOS_DEPLOYMENT_TARGET = 8.3;
				MTL_ENABLE_DEBUG_INFO = NO;
				SDKROOT = iphoneos;
				SWIFT_OPTIMIZATION_LEVEL = "-Owholemodule";
				VALIDATE_PRODUCT = YES;
			};
			name = Release;
		};
		607FACF01AFB9204008FA782 /* Debug */ = {
			isa = XCBuildConfiguration;
			baseConfigurationReference = A504CF4A44F792AF79B4295B /* Pods-EpubExtractor_Example.debug.xcconfig */;
			buildSettings = {
				ASSETCATALOG_COMPILER_APPICON_NAME = AppIcon;
				DEVELOPMENT_TEAM = "";
				INFOPLIST_FILE = EpubExtractor/Info.plist;
				LD_RUNPATH_SEARCH_PATHS = "$(inherited) @executable_path/Frameworks";
				MODULE_NAME = ExampleApp;
				PRODUCT_BUNDLE_IDENTIFIER = "org.cocoapods.demo.$(PRODUCT_NAME:rfc1034identifier)";
				PRODUCT_NAME = "$(TARGET_NAME)";
				SWIFT_SWIFT3_OBJC_INFERENCE = On;
				SWIFT_VERSION = 4.2;
			};
			name = Debug;
		};
		607FACF11AFB9204008FA782 /* Release */ = {
			isa = XCBuildConfiguration;
			baseConfigurationReference = 6EF3A2FF63923E1EDCD78FC8 /* Pods-EpubExtractor_Example.release.xcconfig */;
			buildSettings = {
				ASSETCATALOG_COMPILER_APPICON_NAME = AppIcon;
				DEVELOPMENT_TEAM = "";
				INFOPLIST_FILE = EpubExtractor/Info.plist;
				LD_RUNPATH_SEARCH_PATHS = "$(inherited) @executable_path/Frameworks";
				MODULE_NAME = ExampleApp;
				PRODUCT_BUNDLE_IDENTIFIER = "org.cocoapods.demo.$(PRODUCT_NAME:rfc1034identifier)";
				PRODUCT_NAME = "$(TARGET_NAME)";
				SWIFT_SWIFT3_OBJC_INFERENCE = On;
				SWIFT_VERSION = 4.2;
			};
			name = Release;
		};
		607FACF31AFB9204008FA782 /* Debug */ = {
			isa = XCBuildConfiguration;
			baseConfigurationReference = 2CC8345F1117EE2603532496 /* Pods-EpubExtractor_Tests.debug.xcconfig */;
			buildSettings = {
				FRAMEWORK_SEARCH_PATHS = (
					"$(SDKROOT)/Developer/Library/Frameworks",
					"$(inherited)",
				);
				GCC_PREPROCESSOR_DEFINITIONS = (
					"DEBUG=1",
					"$(inherited)",
				);
				INFOPLIST_FILE = Tests/Info.plist;
				LD_RUNPATH_SEARCH_PATHS = "$(inherited) @executable_path/Frameworks @loader_path/Frameworks";
				PRODUCT_BUNDLE_IDENTIFIER = "org.cocoapods.$(PRODUCT_NAME:rfc1034identifier)";
				PRODUCT_NAME = "$(TARGET_NAME)";
				SWIFT_VERSION = 3.0;
			};
			name = Debug;
		};
		607FACF41AFB9204008FA782 /* Release */ = {
			isa = XCBuildConfiguration;
			baseConfigurationReference = 56EAB58C626587442C1AAE8D /* Pods-EpubExtractor_Tests.release.xcconfig */;
			buildSettings = {
				FRAMEWORK_SEARCH_PATHS = (
					"$(SDKROOT)/Developer/Library/Frameworks",
					"$(inherited)",
				);
				INFOPLIST_FILE = Tests/Info.plist;
				LD_RUNPATH_SEARCH_PATHS = "$(inherited) @executable_path/Frameworks @loader_path/Frameworks";
				PRODUCT_BUNDLE_IDENTIFIER = "org.cocoapods.$(PRODUCT_NAME:rfc1034identifier)";
				PRODUCT_NAME = "$(TARGET_NAME)";
				SWIFT_VERSION = 3.0;
			};
			name = Release;
		};
/* End XCBuildConfiguration section */

/* Begin XCConfigurationList section */
		607FACCB1AFB9204008FA782 /* Build configuration list for PBXProject "EpubExtractor" */ = {
			isa = XCConfigurationList;
			buildConfigurations = (
				607FACED1AFB9204008FA782 /* Debug */,
				607FACEE1AFB9204008FA782 /* Release */,
			);
			defaultConfigurationIsVisible = 0;
			defaultConfigurationName = Release;
		};
		607FACEF1AFB9204008FA782 /* Build configuration list for PBXNativeTarget "EpubExtractor_Example" */ = {
			isa = XCConfigurationList;
			buildConfigurations = (
				607FACF01AFB9204008FA782 /* Debug */,
				607FACF11AFB9204008FA782 /* Release */,
			);
			defaultConfigurationIsVisible = 0;
			defaultConfigurationName = Release;
		};
		607FACF21AFB9204008FA782 /* Build configuration list for PBXNativeTarget "EpubExtractor_Tests" */ = {
			isa = XCConfigurationList;
			buildConfigurations = (
				607FACF31AFB9204008FA782 /* Debug */,
				607FACF41AFB9204008FA782 /* Release */,
			);
			defaultConfigurationIsVisible = 0;
			defaultConfigurationName = Release;
		};
/* End XCConfigurationList section */
	};
	rootObject = 607FACC81AFB9204008FA782 /* Project object */;
}
